{
  "version": 4,
  "terraform_version": "1.3.7",
  "serial": 23,
  "lineage": "ddc3d624-10bb-fb5b-66fb-e8d2297d00be",
  "outputs": {
    "cgw_arns": {
      "value": [],
      "type": [
        "tuple",
        []
      ]
    },
    "cgw_ids": {
      "value": [],
      "type": [
        "tuple",
        []
      ]
    },
    "database_internet_gateway_route_id": {
      "value": "",
      "type": "string"
    },
    "database_ipv6_egress_route_id": {
      "value": "",
      "type": "string"
    },
    "database_nat_gateway_route_ids": {
      "value": [],
      "type": [
        "tuple",
        []
      ]
    },
    "database_network_acl_arn": {
      "value": "",
      "type": "string"
    },
    "database_network_acl_id": {
      "value": "",
      "type": "string"
    },
    "database_route_table_association_ids": {
      "value": [],
      "type": [
        "tuple",
        []
      ]
    },
    "database_route_table_ids": {
      "value": [
        "rtb-0c779f82776ff3a4c"
      ],
      "type": [
        "tuple",
        [
          "string"
        ]
      ]
    },
    "database_subnet_arns": {
      "value": [],
      "type": [
        "tuple",
        []
      ]
    },
    "database_subnet_group": {
      "value": "",
      "type": "string"
    },
    "database_subnet_group_name": {
      "value": "",
      "type": "string"
    },
    "database_subnets": {
      "value": [],
      "type": [
        "tuple",
        []
      ]
    },
    "database_subnets_cidr_blocks": {
      "value": [],
      "type": [
        "list",
        "string"
      ]
    },
    "database_subnets_ipv6_cidr_blocks": {
      "value": [],
      "type": [
        "list",
        "string"
      ]
    },
    "default_network_acl_id": {
      "value": "acl-0beba2e70f00e4a89",
      "type": "string"
    },
    "default_route_table_id": {
      "value": "rtb-0df9ec96cb61f80ee",
      "type": "string"
    },
    "default_security_group_id": {
      "value": "sg-0dbebc481c4866ac8",
      "type": "string"
    },
    "default_vpc_arn": {
      "value": "",
      "type": "string"
    },
    "default_vpc_cidr_block": {
      "value": "",
      "type": "string"
    },
    "default_vpc_default_network_acl_id": {
      "value": "",
      "type": "string"
    },
    "default_vpc_default_route_table_id": {
      "value": "",
      "type": "string"
    },
    "default_vpc_default_security_group_id": {
      "value": "",
      "type": "string"
    },
    "default_vpc_enable_dns_hostnames": {
      "value": "",
      "type": "string"
    },
    "default_vpc_enable_dns_support": {
      "value": "",
      "type": "string"
    },
    "default_vpc_id": {
      "value": "",
      "type": "string"
    },
    "default_vpc_instance_tenancy": {
      "value": "",
      "type": "string"
    },
    "default_vpc_main_route_table_id": {
      "value": "",
      "type": "string"
    },
    "dhcp_options_id": {
      "value": "",
      "type": "string"
    },
    "egress_only_internet_gateway_id": {
      "value": "eigw-0572d830ce70218e2",
      "type": "string"
    },
    "elasticache_network_acl_arn": {
      "value": "",
      "type": "string"
    },
    "elasticache_network_acl_id": {
      "value": "",
      "type": "string"
    },
    "elasticache_route_table_association_ids": {
      "value": [],
      "type": [
        "tuple",
        []
      ]
    },
    "elasticache_route_table_ids": {
      "value": [
        "rtb-0c779f82776ff3a4c"
      ],
      "type": [
        "tuple",
        [
          "string"
        ]
      ]
    },
    "elasticache_subnet_arns": {
      "value": [],
      "type": [
        "tuple",
        []
      ]
    },
    "elasticache_subnet_group": {
      "value": "",
      "type": "string"
    },
    "elasticache_subnet_group_name": {
      "value": "",
      "type": "string"
    },
    "elasticache_subnets": {
      "value": [],
      "type": [
        "tuple",
        []
      ]
    },
    "elasticache_subnets_cidr_blocks": {
      "value": [],
      "type": [
        "list",
        "string"
      ]
    },
    "elasticache_subnets_ipv6_cidr_blocks": {
      "value": [],
      "type": [
        "list",
        "string"
      ]
    },
    "igw_arn": {
      "value": "arn:aws:ec2:us-east-1:577545409321:internet-gateway/igw-07aefdd7d25666d68",
      "type": "string"
    },
    "igw_id": {
      "value": "igw-07aefdd7d25666d68",
      "type": "string"
    },
    "intra_network_acl_arn": {
      "value": "",
      "type": "string"
    },
    "intra_network_acl_id": {
      "value": "",
      "type": "string"
    },
    "intra_route_table_association_ids": {
      "value": [],
      "type": [
        "tuple",
        []
      ]
    },
    "intra_route_table_ids": {
      "value": [],
      "type": [
        "tuple",
        []
      ]
    },
    "intra_subnet_arns": {
      "value": [],
      "type": [
        "tuple",
        []
      ]
    },
    "intra_subnets": {
      "value": [],
      "type": [
        "tuple",
        []
      ]
    },
    "intra_subnets_cidr_blocks": {
      "value": [],
      "type": [
        "list",
        "string"
      ]
    },
    "intra_subnets_ipv6_cidr_blocks": {
      "value": [],
      "type": [
        "list",
        "string"
      ]
    },
    "nat_ids": {
      "value": [],
      "type": [
        "tuple",
        []
      ]
    },
    "nat_public_ips": {
      "value": [],
      "type": [
        "list",
        "string"
      ]
    },
    "natgw_ids": {
      "value": [],
      "type": [
        "tuple",
        []
      ]
    },
    "outpost_network_acl_arn": {
      "value": "",
      "type": "string"
    },
    "outpost_network_acl_id": {
      "value": "",
      "type": "string"
    },
    "outpost_subnet_arns": {
      "value": [],
      "type": [
        "tuple",
        []
      ]
    },
    "outpost_subnets": {
      "value": [],
      "type": [
        "tuple",
        []
      ]
    },
    "outpost_subnets_cidr_blocks": {
      "value": [],
      "type": [
        "list",
        "string"
      ]
    },
    "outpost_subnets_ipv6_cidr_blocks": {
      "value": [],
      "type": [
        "list",
        "string"
      ]
    },
    "private_ipv6_egress_route_ids": {
      "value": [
        "r-rtb-0c779f82776ff3a4c2750132062",
        "r-rtb-0c779f82776ff3a4c2750132062",
        "r-rtb-0c779f82776ff3a4c2750132062"
      ],
      "type": [
        "tuple",
        [
          "string",
          "string",
          "string"
        ]
      ]
    },
    "private_nat_gateway_route_ids": {
      "value": [],
      "type": [
        "tuple",
        []
      ]
    },
    "private_network_acl_arn": {
      "value": "",
      "type": "string"
    },
    "private_network_acl_id": {
      "value": "",
      "type": "string"
    },
    "private_route_table_association_ids": {
      "value": [
        "rtbassoc-0e0da7f21250e91e1",
        "rtbassoc-069966c1fade9bdbf",
        "rtbassoc-082c7173a1551f718"
      ],
      "type": [
        "tuple",
        [
          "string",
          "string",
          "string"
        ]
      ]
    },
    "private_route_table_ids": {
      "value": [
        "rtb-0c779f82776ff3a4c"
      ],
      "type": [
        "tuple",
        [
          "string"
        ]
      ]
    },
    "private_subnet_arns": {
      "value": [
        "arn:aws:ec2:us-east-1:577545409321:subnet/subnet-068ce9ac77e8019aa",
        "arn:aws:ec2:us-east-1:577545409321:subnet/subnet-012d9083116184145",
        "arn:aws:ec2:us-east-1:577545409321:subnet/subnet-0795c2fcc4a50b442"
      ],
      "type": [
        "tuple",
        [
          "string",
          "string",
          "string"
        ]
      ]
    },
    "private_subnets": {
      "value": [
        "subnet-068ce9ac77e8019aa",
        "subnet-012d9083116184145",
        "subnet-0795c2fcc4a50b442"
      ],
      "type": [
        "tuple",
        [
          "string",
          "string",
          "string"
        ]
      ]
    },
    "private_subnets_cidr_blocks": {
      "value": [
        "10.0.1.0/24",
        "10.0.2.0/24",
        "10.0.3.0/24"
      ],
      "type": [
        "list",
        "string"
      ]
    },
    "private_subnets_ipv6_cidr_blocks": {
      "value": [],
      "type": [
        "list",
        "string"
      ]
    },
    "public_internet_gateway_ipv6_route_id": {
      "value": "r-rtb-0cd85865c6a59ba7d2750132062",
      "type": "string"
    },
    "public_internet_gateway_route_id": {
      "value": "r-rtb-0cd85865c6a59ba7d1080289494",
      "type": "string"
    },
    "public_network_acl_arn": {
      "value": "",
      "type": "string"
    },
    "public_network_acl_id": {
      "value": "",
      "type": "string"
    },
    "public_route_table_association_ids": {
      "value": [
        "rtbassoc-0f8101fbced1432dc",
        "rtbassoc-071b003c3cc3597a0",
        "rtbassoc-0a35280201ef7aab2"
      ],
      "type": [
        "tuple",
        [
          "string",
          "string",
          "string"
        ]
      ]
    },
    "public_route_table_ids": {
      "value": [
        "rtb-0cd85865c6a59ba7d"
      ],
      "type": [
        "tuple",
        [
          "string"
        ]
      ]
    },
    "public_subnet_arns": {
      "value": [
        "arn:aws:ec2:us-east-1:577545409321:subnet/subnet-098ebd7cd7bb13db1",
        "arn:aws:ec2:us-east-1:577545409321:subnet/subnet-01033f4a6aa36ca5f",
        "arn:aws:ec2:us-east-1:577545409321:subnet/subnet-09d4cf27e1617ac9a"
      ],
      "type": [
        "tuple",
        [
          "string",
          "string",
          "string"
        ]
      ]
    },
    "public_subnets": {
      "value": [
        "subnet-098ebd7cd7bb13db1",
        "subnet-01033f4a6aa36ca5f",
        "subnet-09d4cf27e1617ac9a"
      ],
      "type": [
        "tuple",
        [
          "string",
          "string",
          "string"
        ]
      ]
    },
    "public_subnets_cidr_blocks": {
      "value": [
        "10.0.101.0/24",
        "10.0.102.0/24",
        "10.0.103.0/24"
      ],
      "type": [
        "list",
        "string"
      ]
    },
    "public_subnets_ipv6_cidr_blocks": {
      "value": [],
      "type": [
        "list",
        "string"
      ]
    },
    "redshift_network_acl_arn": {
      "value": "",
      "type": "string"
    },
    "redshift_network_acl_id": {
      "value": "",
      "type": "string"
    },
    "redshift_public_route_table_association_ids": {
      "value": [],
      "type": [
        "tuple",
        []
      ]
    },
    "redshift_route_table_association_ids": {
      "value": [],
      "type": [
        "tuple",
        []
      ]
    },
    "redshift_route_table_ids": {
      "value": [
        "rtb-0c779f82776ff3a4c"
      ],
      "type": [
        "list",
        "string"
      ]
    },
    "redshift_subnet_arns": {
      "value": [],
      "type": [
        "tuple",
        []
      ]
    },
    "redshift_subnet_group": {
      "value": "",
      "type": "string"
    },
    "redshift_subnets": {
      "value": [],
      "type": [
        "tuple",
        []
      ]
    },
    "redshift_subnets_cidr_blocks": {
      "value": [],
      "type": [
        "list",
        "string"
      ]
    },
    "redshift_subnets_ipv6_cidr_blocks": {
      "value": [],
      "type": [
        "list",
        "string"
      ]
    },
    "this_customer_gateway": {
      "value": {},
      "type": [
        "object",
        {}
      ]
    },
    "vgw_arn": {
      "value": "",
      "type": "string"
    },
    "vgw_id": {
      "value": "",
      "type": "string"
    },
    "vpc_arn": {
      "value": "arn:aws:ec2:us-east-1:577545409321:vpc/vpc-0b6a156d457e43042",
      "type": "string"
    },
    "vpc_cidr_block": {
      "value": "10.0.0.0/16",
      "type": "string"
    },
    "vpc_enable_dns_hostnames": {
      "value": false,
      "type": "bool"
    },
    "vpc_enable_dns_support": {
      "value": true,
      "type": "bool"
    },
    "vpc_flow_log_cloudwatch_iam_role_arn": {
      "value": "",
      "type": "string"
    },
    "vpc_flow_log_destination_arn": {
      "value": "",
      "type": "string"
    },
    "vpc_flow_log_destination_type": {
      "value": "cloud-watch-logs",
      "type": "string"
    },
    "vpc_flow_log_id": {
      "value": "",
      "type": "string"
    },
    "vpc_id": {
      "value": "vpc-0b6a156d457e43042",
      "type": "string"
    },
    "vpc_instance_tenancy": {
      "value": "default",
      "type": "string"
    },
    "vpc_ipv6_association_id": {
      "value": "vpc-cidr-assoc-03f95a77d21eba855",
      "type": "string"
    },
    "vpc_ipv6_cidr_block": {
      "value": "2600:1f10:4ba7:7f00::/56",
      "type": "string"
    },
    "vpc_main_route_table_id": {
      "value": "rtb-0df9ec96cb61f80ee",
      "type": "string"
    },
    "vpc_owner_id": {
      "value": "577545409321",
      "type": "string"
    },
    "vpc_secondary_cidr_blocks": {
      "value": [],
      "type": [
        "list",
        "string"
      ]
    }
  },
  "resources": [
    {
      "module": "module.vpc",
      "mode": "managed",
      "type": "aws_egress_only_internet_gateway",
      "name": "this",
      "provider": "provider[\"registry.terraform.io/hashicorp/aws\"]",
      "instances": [
        {
          "index_key": 0,
          "schema_version": 0,
          "attributes": {
            "id": "eigw-0572d830ce70218e2",
            "tags": {
              "Example": "ex-simple-vpc",
              "GithubOrg": "terraform-aws-modules",
              "GithubRepo": "terraform-aws-vpc",
              "Name": "ex-simple-vpc"
            },
            "tags_all": {
              "Example": "ex-simple-vpc",
              "GithubOrg": "terraform-aws-modules",
              "GithubRepo": "terraform-aws-vpc",
              "Name": "ex-simple-vpc"
            },
            "vpc_id": "vpc-0b6a156d457e43042"
          },
          "sensitive_attributes": [],
          "private": "bnVsbA==",
          "dependencies": [
            "module.vpc.aws_vpc.this",
            "module.vpc.aws_vpc_ipv4_cidr_block_association.this"
          ]
        }
      ]
    },
    {
      "module": "module.vpc",
      "mode": "managed",
      "type": "aws_internet_gateway",
      "name": "this",
      "provider": "provider[\"registry.terraform.io/hashicorp/aws\"]",
      "instances": [
        {
          "index_key": 0,
          "schema_version": 0,
          "attributes": {
            "arn": "arn:aws:ec2:us-east-1:577545409321:internet-gateway/igw-07aefdd7d25666d68",
            "id": "igw-07aefdd7d25666d68",
            "owner_id": "577545409321",
            "tags": {
              "Example": "ex-simple-vpc",
              "GithubOrg": "terraform-aws-modules",
              "GithubRepo": "terraform-aws-vpc",
              "Name": "ex-simple-vpc"
            },
            "tags_all": {
              "Example": "ex-simple-vpc",
              "GithubOrg": "terraform-aws-modules",
              "GithubRepo": "terraform-aws-vpc",
              "Name": "ex-simple-vpc"
            },
            "timeouts": null,
            "vpc_id": "vpc-0b6a156d457e43042"
          },
          "sensitive_attributes": [],
          "private": "eyJlMmJmYjczMC1lY2FhLTExZTYtOGY4OC0zNDM2M2JjN2M0YzAiOnsiY3JlYXRlIjoxMjAwMDAwMDAwMDAwLCJkZWxldGUiOjEyMDAwMDAwMDAwMDAsInVwZGF0ZSI6MTIwMDAwMDAwMDAwMH19",
          "dependencies": [
            "module.vpc.aws_vpc.this",
            "module.vpc.aws_vpc_ipv4_cidr_block_association.this"
          ]
        }
      ]
    },
    {
      "module": "module.vpc",
      "mode": "managed",
      "type": "aws_route",
      "name": "private_ipv6_egress",
      "provider": "provider[\"registry.terraform.io/hashicorp/aws\"]",
      "instances": [
        {
          "index_key": 0,
          "schema_version": 0,
          "attributes": {
            "carrier_gateway_id": "",
            "core_network_arn": "",
            "destination_cidr_block": "",
            "destination_ipv6_cidr_block": "::/0",
            "destination_prefix_list_id": "",
            "egress_only_gateway_id": "eigw-0572d830ce70218e2",
            "gateway_id": "",
            "id": "r-rtb-0c779f82776ff3a4c2750132062",
            "instance_id": "",
            "instance_owner_id": "",
            "local_gateway_id": "",
            "nat_gateway_id": "",
            "network_interface_id": "",
            "origin": "CreateRoute",
            "route_table_id": "rtb-0c779f82776ff3a4c",
            "state": "active",
            "timeouts": null,
            "transit_gateway_id": "",
            "vpc_endpoint_id": "",
            "vpc_peering_connection_id": ""
          },
          "sensitive_attributes": [],
          "private": "eyJlMmJmYjczMC1lY2FhLTExZTYtOGY4OC0zNDM2M2JjN2M0YzAiOnsiY3JlYXRlIjozMDAwMDAwMDAwMDAsImRlbGV0ZSI6MzAwMDAwMDAwMDAwLCJ1cGRhdGUiOjEyMDAwMDAwMDAwMH19",
          "dependencies": [
            "module.vpc.aws_egress_only_internet_gateway.this",
            "module.vpc.aws_route_table.private",
            "module.vpc.aws_vpc.this",
            "module.vpc.aws_vpc_ipv4_cidr_block_association.this"
          ]
        },
        {
          "index_key": 1,
          "schema_version": 0,
          "attributes": {
            "carrier_gateway_id": "",
            "core_network_arn": "",
            "destination_cidr_block": "",
            "destination_ipv6_cidr_block": "::/0",
            "destination_prefix_list_id": "",
            "egress_only_gateway_id": "eigw-0572d830ce70218e2",
            "gateway_id": "",
            "id": "r-rtb-0c779f82776ff3a4c2750132062",
            "instance_id": "",
            "instance_owner_id": "",
            "local_gateway_id": "",
            "nat_gateway_id": "",
            "network_interface_id": "",
            "origin": "CreateRoute",
            "route_table_id": "rtb-0c779f82776ff3a4c",
            "state": "active",
            "timeouts": null,
            "transit_gateway_id": "",
            "vpc_endpoint_id": "",
            "vpc_peering_connection_id": ""
          },
          "sensitive_attributes": [],
          "private": "eyJlMmJmYjczMC1lY2FhLTExZTYtOGY4OC0zNDM2M2JjN2M0YzAiOnsiY3JlYXRlIjozMDAwMDAwMDAwMDAsImRlbGV0ZSI6MzAwMDAwMDAwMDAwLCJ1cGRhdGUiOjEyMDAwMDAwMDAwMH19",
          "dependencies": [
            "module.vpc.aws_egress_only_internet_gateway.this",
            "module.vpc.aws_route_table.private",
            "module.vpc.aws_vpc.this",
            "module.vpc.aws_vpc_ipv4_cidr_block_association.this"
          ]
        },
        {
          "index_key": 2,
          "schema_version": 0,
          "attributes": {
            "carrier_gateway_id": "",
            "core_network_arn": "",
            "destination_cidr_block": "",
            "destination_ipv6_cidr_block": "::/0",
            "destination_prefix_list_id": "",
            "egress_only_gateway_id": "eigw-0572d830ce70218e2",
            "gateway_id": "",
            "id": "r-rtb-0c779f82776ff3a4c2750132062",
            "instance_id": "",
            "instance_owner_id": "",
            "local_gateway_id": "",
            "nat_gateway_id": "",
            "network_interface_id": "",
            "origin": "CreateRoute",
            "route_table_id": "rtb-0c779f82776ff3a4c",
            "state": "active",
            "timeouts": null,
            "transit_gateway_id": "",
            "vpc_endpoint_id": "",
            "vpc_peering_connection_id": ""
          },
          "sensitive_attributes": [],
          "private": "eyJlMmJmYjczMC1lY2FhLTExZTYtOGY4OC0zNDM2M2JjN2M0YzAiOnsiY3JlYXRlIjozMDAwMDAwMDAwMDAsImRlbGV0ZSI6MzAwMDAwMDAwMDAwLCJ1cGRhdGUiOjEyMDAwMDAwMDAwMH19",
          "dependencies": [
            "module.vpc.aws_egress_only_internet_gateway.this",
            "module.vpc.aws_route_table.private",
            "module.vpc.aws_vpc.this",
            "module.vpc.aws_vpc_ipv4_cidr_block_association.this"
          ]
        }
      ]
    },
    {
      "module": "module.vpc",
      "mode": "managed",
      "type": "aws_route",
      "name": "public_internet_gateway",
      "provider": "provider[\"registry.terraform.io/hashicorp/aws\"]",
      "instances": [
        {
          "index_key": 0,
          "schema_version": 0,
          "attributes": {
            "carrier_gateway_id": "",
            "core_network_arn": "",
            "destination_cidr_block": "0.0.0.0/0",
            "destination_ipv6_cidr_block": "",
            "destination_prefix_list_id": "",
            "egress_only_gateway_id": "",
            "gateway_id": "igw-07aefdd7d25666d68",
            "id": "r-rtb-0cd85865c6a59ba7d1080289494",
            "instance_id": "",
            "instance_owner_id": "",
            "local_gateway_id": "",
            "nat_gateway_id": "",
            "network_interface_id": "",
            "origin": "CreateRoute",
            "route_table_id": "rtb-0cd85865c6a59ba7d",
            "state": "active",
            "timeouts": {
              "create": "5m",
              "delete": null,
              "update": null
            },
            "transit_gateway_id": "",
            "vpc_endpoint_id": "",
            "vpc_peering_connection_id": ""
          },
          "sensitive_attributes": [],
          "private": "eyJlMmJmYjczMC1lY2FhLTExZTYtOGY4OC0zNDM2M2JjN2M0YzAiOnsiY3JlYXRlIjozMDAwMDAwMDAwMDAsImRlbGV0ZSI6MzAwMDAwMDAwMDAwLCJ1cGRhdGUiOjEyMDAwMDAwMDAwMH19",
          "dependencies": [
            "module.vpc.aws_internet_gateway.this",
            "module.vpc.aws_route_table.public",
            "module.vpc.aws_vpc.this",
            "module.vpc.aws_vpc_ipv4_cidr_block_association.this"
          ]
        }
      ]
    },
    {
      "module": "module.vpc",
      "mode": "managed",
      "type": "aws_route",
      "name": "public_internet_gateway_ipv6",
      "provider": "provider[\"registry.terraform.io/hashicorp/aws\"]",
      "instances": [
        {
          "index_key": 0,
          "schema_version": 0,
          "attributes": {
            "carrier_gateway_id": "",
            "core_network_arn": "",
            "destination_cidr_block": "",
            "destination_ipv6_cidr_block": "::/0",
            "destination_prefix_list_id": "",
            "egress_only_gateway_id": "",
            "gateway_id": "igw-07aefdd7d25666d68",
            "id": "r-rtb-0cd85865c6a59ba7d2750132062",
            "instance_id": "",
            "instance_owner_id": "",
            "local_gateway_id": "",
            "nat_gateway_id": "",
            "network_interface_id": "",
            "origin": "CreateRoute",
            "route_table_id": "rtb-0cd85865c6a59ba7d",
            "state": "active",
            "timeouts": null,
            "transit_gateway_id": "",
            "vpc_endpoint_id": "",
            "vpc_peering_connection_id": ""
          },
          "sensitive_attributes": [],
          "private": "eyJlMmJmYjczMC1lY2FhLTExZTYtOGY4OC0zNDM2M2JjN2M0YzAiOnsiY3JlYXRlIjozMDAwMDAwMDAwMDAsImRlbGV0ZSI6MzAwMDAwMDAwMDAwLCJ1cGRhdGUiOjEyMDAwMDAwMDAwMH19",
          "dependencies": [
            "module.vpc.aws_internet_gateway.this",
            "module.vpc.aws_route_table.public",
            "module.vpc.aws_vpc.this",
            "module.vpc.aws_vpc_ipv4_cidr_block_association.this"
          ]
        }
      ]
    },
    {
      "module": "module.vpc",
      "mode": "managed",
      "type": "aws_route_table",
      "name": "private",
      "provider": "provider[\"registry.terraform.io/hashicorp/aws\"]",
      "instances": [
        {
          "index_key": 0,
          "schema_version": 0,
          "attributes": {
            "arn": "arn:aws:ec2:us-east-1:577545409321:route-table/rtb-0c779f82776ff3a4c",
            "id": "rtb-0c779f82776ff3a4c",
            "owner_id": "577545409321",
            "propagating_vgws": [],
            "route": [],
            "tags": {
              "Example": "ex-simple-vpc",
              "GithubOrg": "terraform-aws-modules",
              "GithubRepo": "terraform-aws-vpc",
              "Name": "ex-simple-vpc-private"
            },
            "tags_all": {
              "Example": "ex-simple-vpc",
              "GithubOrg": "terraform-aws-modules",
              "GithubRepo": "terraform-aws-vpc",
              "Name": "ex-simple-vpc-private"
            },
            "timeouts": null,
            "vpc_id": "vpc-0b6a156d457e43042"
          },
          "sensitive_attributes": [],
          "private": "eyJlMmJmYjczMC1lY2FhLTExZTYtOGY4OC0zNDM2M2JjN2M0YzAiOnsiY3JlYXRlIjozMDAwMDAwMDAwMDAsImRlbGV0ZSI6MzAwMDAwMDAwMDAwLCJ1cGRhdGUiOjEyMDAwMDAwMDAwMH19",
          "dependencies": [
            "module.vpc.aws_vpc.this",
            "module.vpc.aws_vpc_ipv4_cidr_block_association.this"
          ]
        }
      ]
    },
    {
      "module": "module.vpc",
      "mode": "managed",
      "type": "aws_route_table",
      "name": "public",
      "provider": "provider[\"registry.terraform.io/hashicorp/aws\"]",
      "instances": [
        {
          "index_key": 0,
          "schema_version": 0,
          "attributes": {
            "arn": "arn:aws:ec2:us-east-1:577545409321:route-table/rtb-0cd85865c6a59ba7d",
            "id": "rtb-0cd85865c6a59ba7d",
            "owner_id": "577545409321",
            "propagating_vgws": [],
            "route": [],
            "tags": {
              "Example": "ex-simple-vpc",
              "GithubOrg": "terraform-aws-modules",
              "GithubRepo": "terraform-aws-vpc",
              "Name": "ex-simple-vpc-public"
            },
            "tags_all": {
              "Example": "ex-simple-vpc",
              "GithubOrg": "terraform-aws-modules",
              "GithubRepo": "terraform-aws-vpc",
              "Name": "ex-simple-vpc-public"
            },
            "timeouts": null,
            "vpc_id": "vpc-0b6a156d457e43042"
          },
          "sensitive_attributes": [],
          "private": "eyJlMmJmYjczMC1lY2FhLTExZTYtOGY4OC0zNDM2M2JjN2M0YzAiOnsiY3JlYXRlIjozMDAwMDAwMDAwMDAsImRlbGV0ZSI6MzAwMDAwMDAwMDAwLCJ1cGRhdGUiOjEyMDAwMDAwMDAwMH19",
          "dependencies": [
            "module.vpc.aws_vpc.this",
            "module.vpc.aws_vpc_ipv4_cidr_block_association.this"
          ]
        }
      ]
    },
    {
      "module": "module.vpc",
      "mode": "managed",
      "type": "aws_route_table_association",
      "name": "private",
      "provider": "provider[\"registry.terraform.io/hashicorp/aws\"]",
      "instances": [
        {
          "index_key": 0,
          "schema_version": 0,
          "attributes": {
            "gateway_id": "",
            "id": "rtbassoc-0e0da7f21250e91e1",
            "route_table_id": "rtb-0c779f82776ff3a4c",
            "subnet_id": "subnet-068ce9ac77e8019aa"
          },
          "sensitive_attributes": [],
          "private": "bnVsbA==",
          "dependencies": [
            "module.vpc.aws_route_table.private",
            "module.vpc.aws_subnet.private",
            "module.vpc.aws_vpc.this",
            "module.vpc.aws_vpc_ipv4_cidr_block_association.this"
          ]
        },
        {
          "index_key": 1,
          "schema_version": 0,
          "attributes": {
            "gateway_id": "",
            "id": "rtbassoc-069966c1fade9bdbf",
            "route_table_id": "rtb-0c779f82776ff3a4c",
            "subnet_id": "subnet-012d9083116184145"
          },
          "sensitive_attributes": [],
          "private": "bnVsbA==",
          "dependencies": [
            "module.vpc.aws_route_table.private",
            "module.vpc.aws_subnet.private",
            "module.vpc.aws_vpc.this",
            "module.vpc.aws_vpc_ipv4_cidr_block_association.this"
          ]
        },
        {
          "index_key": 2,
          "schema_version": 0,
          "attributes": {
            "gateway_id": "",
            "id": "rtbassoc-082c7173a1551f718",
            "route_table_id": "rtb-0c779f82776ff3a4c",
            "subnet_id": "subnet-0795c2fcc4a50b442"
          },
          "sensitive_attributes": [],
          "private": "bnVsbA==",
          "dependencies": [
            "module.vpc.aws_route_table.private",
            "module.vpc.aws_subnet.private",
            "module.vpc.aws_vpc.this",
            "module.vpc.aws_vpc_ipv4_cidr_block_association.this"
          ]
        }
      ]
    },
    {
      "module": "module.vpc",
      "mode": "managed",
      "type": "aws_route_table_association",
      "name": "public",
      "provider": "provider[\"registry.terraform.io/hashicorp/aws\"]",
      "instances": [
        {
          "index_key": 0,
          "schema_version": 0,
          "attributes": {
            "gateway_id": "",
            "id": "rtbassoc-0f8101fbced1432dc",
            "route_table_id": "rtb-0cd85865c6a59ba7d",
            "subnet_id": "subnet-098ebd7cd7bb13db1"
          },
          "sensitive_attributes": [],
          "private": "bnVsbA==",
          "dependencies": [
            "module.vpc.aws_route_table.public",
            "module.vpc.aws_subnet.public",
            "module.vpc.aws_vpc.this",
            "module.vpc.aws_vpc_ipv4_cidr_block_association.this"
          ]
        },
        {
          "index_key": 1,
          "schema_version": 0,
          "attributes": {
            "gateway_id": "",
            "id": "rtbassoc-071b003c3cc3597a0",
            "route_table_id": "rtb-0cd85865c6a59ba7d",
            "subnet_id": "subnet-01033f4a6aa36ca5f"
          },
          "sensitive_attributes": [],
          "private": "bnVsbA==",
          "dependencies": [
            "module.vpc.aws_route_table.public",
            "module.vpc.aws_subnet.public",
            "module.vpc.aws_vpc.this",
            "module.vpc.aws_vpc_ipv4_cidr_block_association.this"
          ]
        },
        {
          "index_key": 2,
          "schema_version": 0,
          "attributes": {
            "gateway_id": "",
            "id": "rtbassoc-0a35280201ef7aab2",
            "route_table_id": "rtb-0cd85865c6a59ba7d",
            "subnet_id": "subnet-09d4cf27e1617ac9a"
          },
          "sensitive_attributes": [],
          "private": "bnVsbA==",
          "dependencies": [
            "module.vpc.aws_route_table.public",
            "module.vpc.aws_subnet.public",
            "module.vpc.aws_vpc.this",
            "module.vpc.aws_vpc_ipv4_cidr_block_association.this"
          ]
        }
      ]
    },
    {
      "module": "module.vpc",
      "mode": "managed",
      "type": "aws_subnet",
      "name": "private",
      "provider": "provider[\"registry.terraform.io/hashicorp/aws\"]",
      "instances": [
        {
          "index_key": 0,
          "schema_version": 1,
          "attributes": {
            "arn": "arn:aws:ec2:us-east-1:577545409321:subnet/subnet-068ce9ac77e8019aa",
            "assign_ipv6_address_on_creation": false,
            "availability_zone": "us-east-1a",
            "availability_zone_id": "use1-az4",
            "cidr_block": "10.0.1.0/24",
            "customer_owned_ipv4_pool": "",
            "enable_dns64": false,
            "enable_resource_name_dns_a_record_on_launch": false,
            "enable_resource_name_dns_aaaa_record_on_launch": false,
            "id": "subnet-068ce9ac77e8019aa",
            "ipv6_cidr_block": "",
            "ipv6_cidr_block_association_id": "",
            "ipv6_native": false,
            "map_customer_owned_ip_on_launch": false,
            "map_public_ip_on_launch": false,
            "outpost_arn": "",
            "owner_id": "577545409321",
            "private_dns_hostname_type_on_launch": "ip-name",
            "tags": {
              "Example": "ex-simple-vpc",
              "GithubOrg": "terraform-aws-modules",
              "GithubRepo": "terraform-aws-vpc",
              "Name": "ex-simple-vpc-private-us-east-1a"
            },
            "tags_all": {
              "Example": "ex-simple-vpc",
              "GithubOrg": "terraform-aws-modules",
              "GithubRepo": "terraform-aws-vpc",
              "Name": "ex-simple-vpc-private-us-east-1a"
            },
            "timeouts": null,
            "vpc_id": "vpc-0b6a156d457e43042"
          },
          "sensitive_attributes": [],
          "private": "eyJlMmJmYjczMC1lY2FhLTExZTYtOGY4OC0zNDM2M2JjN2M0YzAiOnsiY3JlYXRlIjo2MDAwMDAwMDAwMDAsImRlbGV0ZSI6MTIwMDAwMDAwMDAwMH0sInNjaGVtYV92ZXJzaW9uIjoiMSJ9",
          "dependencies": [
            "module.vpc.aws_vpc.this",
            "module.vpc.aws_vpc_ipv4_cidr_block_association.this"
          ]
        },
        {
          "index_key": 1,
          "schema_version": 1,
          "attributes": {
            "arn": "arn:aws:ec2:us-east-1:577545409321:subnet/subnet-012d9083116184145",
            "assign_ipv6_address_on_creation": false,
            "availability_zone": "us-east-1b",
            "availability_zone_id": "use1-az6",
            "cidr_block": "10.0.2.0/24",
            "customer_owned_ipv4_pool": "",
            "enable_dns64": false,
            "enable_resource_name_dns_a_record_on_launch": false,
            "enable_resource_name_dns_aaaa_record_on_launch": false,
            "id": "subnet-012d9083116184145",
            "ipv6_cidr_block": "",
            "ipv6_cidr_block_association_id": "",
            "ipv6_native": false,
            "map_customer_owned_ip_on_launch": false,
            "map_public_ip_on_launch": false,
            "outpost_arn": "",
            "owner_id": "577545409321",
            "private_dns_hostname_type_on_launch": "ip-name",
            "tags": {
              "Example": "ex-simple-vpc",
              "GithubOrg": "terraform-aws-modules",
              "GithubRepo": "terraform-aws-vpc",
              "Name": "ex-simple-vpc-private-us-east-1b"
            },
            "tags_all": {
              "Example": "ex-simple-vpc",
              "GithubOrg": "terraform-aws-modules",
              "GithubRepo": "terraform-aws-vpc",
              "Name": "ex-simple-vpc-private-us-east-1b"
            },
            "timeouts": null,
            "vpc_id": "vpc-0b6a156d457e43042"
          },
          "sensitive_attributes": [],
          "private": "eyJlMmJmYjczMC1lY2FhLTExZTYtOGY4OC0zNDM2M2JjN2M0YzAiOnsiY3JlYXRlIjo2MDAwMDAwMDAwMDAsImRlbGV0ZSI6MTIwMDAwMDAwMDAwMH0sInNjaGVtYV92ZXJzaW9uIjoiMSJ9",
          "dependencies": [
            "module.vpc.aws_vpc.this",
            "module.vpc.aws_vpc_ipv4_cidr_block_association.this"
          ]
        },
        {
          "index_key": 2,
          "schema_version": 1,
          "attributes": {
            "arn": "arn:aws:ec2:us-east-1:577545409321:subnet/subnet-0795c2fcc4a50b442",
            "assign_ipv6_address_on_creation": false,
            "availability_zone": "us-east-1c",
            "availability_zone_id": "use1-az1",
            "cidr_block": "10.0.3.0/24",
            "customer_owned_ipv4_pool": "",
            "enable_dns64": false,
            "enable_resource_name_dns_a_record_on_launch": false,
            "enable_resource_name_dns_aaaa_record_on_launch": false,
            "id": "subnet-0795c2fcc4a50b442",
            "ipv6_cidr_block": "",
            "ipv6_cidr_block_association_id": "",
            "ipv6_native": false,
            "map_customer_owned_ip_on_launch": false,
            "map_public_ip_on_launch": false,
            "outpost_arn": "",
            "owner_id": "577545409321",
            "private_dns_hostname_type_on_launch": "ip-name",
            "tags": {
              "Example": "ex-simple-vpc",
              "GithubOrg": "terraform-aws-modules",
              "GithubRepo": "terraform-aws-vpc",
              "Name": "ex-simple-vpc-private-us-east-1c"
            },
            "tags_all": {
              "Example": "ex-simple-vpc",
              "GithubOrg": "terraform-aws-modules",
              "GithubRepo": "terraform-aws-vpc",
              "Name": "ex-simple-vpc-private-us-east-1c"
            },
            "timeouts": null,
            "vpc_id": "vpc-0b6a156d457e43042"
          },
          "sensitive_attributes": [],
          "private": "eyJlMmJmYjczMC1lY2FhLTExZTYtOGY4OC0zNDM2M2JjN2M0YzAiOnsiY3JlYXRlIjo2MDAwMDAwMDAwMDAsImRlbGV0ZSI6MTIwMDAwMDAwMDAwMH0sInNjaGVtYV92ZXJzaW9uIjoiMSJ9",
          "dependencies": [
            "module.vpc.aws_vpc.this",
            "module.vpc.aws_vpc_ipv4_cidr_block_association.this"
          ]
        }
      ]
    },
    {
      "module": "module.vpc",
      "mode": "managed",
      "type": "aws_subnet",
      "name": "public",
      "provider": "provider[\"registry.terraform.io/hashicorp/aws\"]",
      "instances": [
        {
          "index_key": 0,
          "schema_version": 1,
          "attributes": {
            "arn": "arn:aws:ec2:us-east-1:577545409321:subnet/subnet-098ebd7cd7bb13db1",
            "assign_ipv6_address_on_creation": false,
            "availability_zone": "us-east-1a",
            "availability_zone_id": "use1-az4",
            "cidr_block": "10.0.101.0/24",
            "customer_owned_ipv4_pool": "",
            "enable_dns64": false,
            "enable_resource_name_dns_a_record_on_launch": false,
            "enable_resource_name_dns_aaaa_record_on_launch": false,
            "id": "subnet-098ebd7cd7bb13db1",
            "ipv6_cidr_block": "",
            "ipv6_cidr_block_association_id": "",
            "ipv6_native": false,
            "map_customer_owned_ip_on_launch": false,
            "map_public_ip_on_launch": true,
            "outpost_arn": "",
            "owner_id": "577545409321",
            "private_dns_hostname_type_on_launch": "ip-name",
            "tags": {
              "Example": "ex-simple-vpc",
              "GithubOrg": "terraform-aws-modules",
              "GithubRepo": "terraform-aws-vpc",
              "Name": "overridden-name-public"
            },
            "tags_all": {
              "Example": "ex-simple-vpc",
              "GithubOrg": "terraform-aws-modules",
              "GithubRepo": "terraform-aws-vpc",
              "Name": "overridden-name-public"
            },
            "timeouts": null,
            "vpc_id": "vpc-0b6a156d457e43042"
          },
          "sensitive_attributes": [],
          "private": "eyJlMmJmYjczMC1lY2FhLTExZTYtOGY4OC0zNDM2M2JjN2M0YzAiOnsiY3JlYXRlIjo2MDAwMDAwMDAwMDAsImRlbGV0ZSI6MTIwMDAwMDAwMDAwMH0sInNjaGVtYV92ZXJzaW9uIjoiMSJ9",
          "dependencies": [
            "module.vpc.aws_vpc.this",
            "module.vpc.aws_vpc_ipv4_cidr_block_association.this"
          ]
        },
        {
          "index_key": 1,
          "schema_version": 1,
          "attributes": {
            "arn": "arn:aws:ec2:us-east-1:577545409321:subnet/subnet-01033f4a6aa36ca5f",
            "assign_ipv6_address_on_creation": false,
            "availability_zone": "us-east-1b",
            "availability_zone_id": "use1-az6",
            "cidr_block": "10.0.102.0/24",
            "customer_owned_ipv4_pool": "",
            "enable_dns64": false,
            "enable_resource_name_dns_a_record_on_launch": false,
            "enable_resource_name_dns_aaaa_record_on_launch": false,
            "id": "subnet-01033f4a6aa36ca5f",
            "ipv6_cidr_block": "",
            "ipv6_cidr_block_association_id": "",
            "ipv6_native": false,
            "map_customer_owned_ip_on_launch": false,
            "map_public_ip_on_launch": true,
            "outpost_arn": "",
            "owner_id": "577545409321",
            "private_dns_hostname_type_on_launch": "ip-name",
            "tags": {
              "Example": "ex-simple-vpc",
              "GithubOrg": "terraform-aws-modules",
              "GithubRepo": "terraform-aws-vpc",
              "Name": "overridden-name-public"
            },
            "tags_all": {
              "Example": "ex-simple-vpc",
              "GithubOrg": "terraform-aws-modules",
              "GithubRepo": "terraform-aws-vpc",
              "Name": "overridden-name-public"
            },
            "timeouts": null,
            "vpc_id": "vpc-0b6a156d457e43042"
          },
          "sensitive_attributes": [],
          "private": "eyJlMmJmYjczMC1lY2FhLTExZTYtOGY4OC0zNDM2M2JjN2M0YzAiOnsiY3JlYXRlIjo2MDAwMDAwMDAwMDAsImRlbGV0ZSI6MTIwMDAwMDAwMDAwMH0sInNjaGVtYV92ZXJzaW9uIjoiMSJ9",
          "dependencies": [
            "module.vpc.aws_vpc.this",
            "module.vpc.aws_vpc_ipv4_cidr_block_association.this"
          ]
        },
        {
          "index_key": 2,
          "schema_version": 1,
          "attributes": {
            "arn": "arn:aws:ec2:us-east-1:577545409321:subnet/subnet-09d4cf27e1617ac9a",
            "assign_ipv6_address_on_creation": false,
            "availability_zone": "us-east-1c",
            "availability_zone_id": "use1-az1",
            "cidr_block": "10.0.103.0/24",
            "customer_owned_ipv4_pool": "",
            "enable_dns64": false,
            "enable_resource_name_dns_a_record_on_launch": false,
            "enable_resource_name_dns_aaaa_record_on_launch": false,
            "id": "subnet-09d4cf27e1617ac9a",
            "ipv6_cidr_block": "",
            "ipv6_cidr_block_association_id": "",
            "ipv6_native": false,
            "map_customer_owned_ip_on_launch": false,
            "map_public_ip_on_launch": true,
            "outpost_arn": "",
            "owner_id": "577545409321",
            "private_dns_hostname_type_on_launch": "ip-name",
            "tags": {
              "Example": "ex-simple-vpc",
              "GithubOrg": "terraform-aws-modules",
              "GithubRepo": "terraform-aws-vpc",
              "Name": "overridden-name-public"
            },
            "tags_all": {
              "Example": "ex-simple-vpc",
              "GithubOrg": "terraform-aws-modules",
              "GithubRepo": "terraform-aws-vpc",
              "Name": "overridden-name-public"
            },
            "timeouts": null,
            "vpc_id": "vpc-0b6a156d457e43042"
          },
          "sensitive_attributes": [],
          "private": "eyJlMmJmYjczMC1lY2FhLTExZTYtOGY4OC0zNDM2M2JjN2M0YzAiOnsiY3JlYXRlIjo2MDAwMDAwMDAwMDAsImRlbGV0ZSI6MTIwMDAwMDAwMDAwMH0sInNjaGVtYV92ZXJzaW9uIjoiMSJ9",
          "dependencies": [
            "module.vpc.aws_vpc.this",
            "module.vpc.aws_vpc_ipv4_cidr_block_association.this"
          ]
        }
      ]
    },
    {
      "module": "module.vpc",
      "mode": "managed",
      "type": "aws_vpc",
      "name": "this",
      "provider": "provider[\"registry.terraform.io/hashicorp/aws\"]",
      "instances": [
        {
          "index_key": 0,
          "schema_version": 1,
          "attributes": {
            "arn": "arn:aws:ec2:us-east-1:577545409321:vpc/vpc-0b6a156d457e43042",
            "assign_generated_ipv6_cidr_block": true,
            "cidr_block": "10.0.0.0/16",
            "default_network_acl_id": "acl-0beba2e70f00e4a89",
            "default_route_table_id": "rtb-0df9ec96cb61f80ee",
            "default_security_group_id": "sg-0dbebc481c4866ac8",
            "dhcp_options_id": "dopt-06646cf0ddb5e61c9",
            "enable_classiclink": false,
            "enable_classiclink_dns_support": false,
            "enable_dns_hostnames": false,
            "enable_dns_support": true,
            "enable_network_address_usage_metrics": false,
            "id": "vpc-0b6a156d457e43042",
            "instance_tenancy": "default",
            "ipv4_ipam_pool_id": null,
            "ipv4_netmask_length": null,
            "ipv6_association_id": "vpc-cidr-assoc-03f95a77d21eba855",
            "ipv6_cidr_block": "2600:1f10:4ba7:7f00::/56",
            "ipv6_cidr_block_network_border_group": "us-east-1",
            "ipv6_ipam_pool_id": "",
            "ipv6_netmask_length": 0,
            "main_route_table_id": "rtb-0df9ec96cb61f80ee",
            "owner_id": "577545409321",
            "tags": {
              "Example": "ex-simple-vpc",
              "GithubOrg": "terraform-aws-modules",
              "GithubRepo": "terraform-aws-vpc",
              "Name": "vpc-name"
            },
            "tags_all": {
              "Example": "ex-simple-vpc",
              "GithubOrg": "terraform-aws-modules",
              "GithubRepo": "terraform-aws-vpc",
              "Name": "vpc-name"
            }
          },
          "sensitive_attributes": [],
          "private": "eyJzY2hlbWFfdmVyc2lvbiI6IjEifQ=="
        }
      ]
    }
  ],
  "check_results": null
}
